{
  "name": "composable",
  "version": "0.9.0",
  "lockfileVersion": 1,
  "requires": true,
  "dependencies": {
    "@pedromsilva/data-either": {
      "version": "0.0.2",
      "resolved": "https://registry.npmjs.org/@pedromsilva/data-either/-/data-either-0.0.2.tgz",
      "integrity": "sha512-WQU4L2GtE7l8W+RaL9gEt2F95xq7KcS6+tBnbviYb5dXp/ziB6I/FzIP1j27EB0BGEnDaNypASAhG7AgguDi3A=="
    },
    "@pedromsilva/data-future": {
      "version": "1.1.3",
      "resolved": "https://registry.npmjs.org/@pedromsilva/data-future/-/data-future-1.1.3.tgz",
      "integrity": "sha512-nH5PrA3nWO2RDk72x6D4yD6CCi9nZxCp5jiSA2gauHOSY9dB5/q7LKqPWMeEIvPlPeCVLEY4F34rWZ1J8n5kSg=="
    },
    "@types/node": {
      "version": "7.10.7",
      "resolved": "https://registry.npmjs.org/@types/node/-/node-7.10.7.tgz",
      "integrity": "sha512-4I7+hXKyq7e1deuzX9udu0hPIYqSSkdKXtjow6fMnQ3OR9qkxIErGHbGY08YrfZJrCS1ajK8lOuzd0k3n2WM4A==",
      "dev": true
    },
    "data-async-iterators": {
      "version": "1.4.4",
      "resolved": "https://registry.npmjs.org/data-async-iterators/-/data-async-iterators-1.4.4.tgz",
      "integrity": "sha512-R7Ft7bgLibj99COF5s9CNrf8pLsQMdA4nM0UaQi+QKaOd0SV9Chy5vVDh8pcgG4vyTZI3mZibofZE87h/kECJw==",
      "requires": {
        "@pedromsilva/data-either": "0.0.2",
        "@pedromsilva/data-future": "^1.0.0",
        "data-cancel-token": "^0.5.2",
        "data-collectors": "^1.0.1",
        "data-optional": "0.0.2",
        "data-semaphore": "^0.3.7",
        "eventemitter3": "^3.0.1"
      }
    },
    "data-cancel-token": {
      "version": "0.5.3",
      "resolved": "https://registry.npmjs.org/data-cancel-token/-/data-cancel-token-0.5.3.tgz",
      "integrity": "sha512-0sh7rgrjEQEh7L48hMxVCa9BchyWYXov//5nIXUeL3QA6JjzjBoaZyS/GiA/eU2IHswxjzmZCcW64NsoV7AMug==",
      "requires": {
        "@pedromsilva/data-future": "^1.0.0"
      }
    },
    "data-collectors": {
      "version": "1.0.1",
      "resolved": "https://registry.npmjs.org/data-collectors/-/data-collectors-1.0.1.tgz",
      "integrity": "sha512-CnfJTgqLP+NodRbmW5/r4LJgLXobUsTTv99gP1kwi2ZVezEXq3liBjRd1SukCEddY/afEnCILdX4ZnU/8AwIpg=="
    },
    "data-optional": {
      "version": "0.0.2",
      "resolved": "https://registry.npmjs.org/data-optional/-/data-optional-0.0.2.tgz",
      "integrity": "sha1-LUuary8jdLl9AdEHPyQXXe7iVnI="
    },
    "data-semaphore": {
      "version": "0.3.9",
      "resolved": "https://registry.npmjs.org/data-semaphore/-/data-semaphore-0.3.9.tgz",
      "integrity": "sha512-/2eaMRBxAFNEo9cz+Km0txJCzbwdteAf/luMAXtvrCn/qTUCpeBSJPxORX6LWl03gf1q4VbR5LCj1ZmLcnCkxQ==",
      "requires": {
        "@pedromsilva/data-future": "^1.0.0"
      }
    },
    "data-unit": {
      "version": "0.1.0",
      "resolved": "https://registry.npmjs.org/data-unit/-/data-unit-0.1.0.tgz",
      "integrity": "sha512-ASXtBM9nebjKX34spquX409vv1W78kBRwugApuPiHUQGgyvMhAr++UfQ2NgNfpGcUxeFOZqgijYp/0a/JalqJA=="
    },
    "eventemitter3": {
      "version": "3.1.2",
      "resolved": "https://registry.npmjs.org/eventemitter3/-/eventemitter3-3.1.2.tgz",
      "integrity": "sha512-tvtQIeLVHjDkJYnzf2dgVMxfuSGJeM/7UCG17TT4EumTfNtF+0nebF/4zWOIkCreAbtNqhGEboB6BWrwqNaw4Q=="
    },
    "jsesc": {
      "version": "2.5.2",
      "resolved": "https://registry.npmjs.org/jsesc/-/jsesc-2.5.2.tgz",
      "integrity": "sha512-OYu7XEzjkCQ3C5Ps3QIZsQfNpqoJyZZA99wd9aWd05NCtC5pWOkShK2mkL6HXQR6/Cy2lbNdPlZBpuQHXE63gA=="
    },
    "parse-spawn-args": {
      "version": "1.0.2",
      "resolved": "https://registry.npmjs.org/parse-spawn-args/-/parse-spawn-args-1.0.2.tgz",
      "integrity": "sha1-qJu3SMGWKY1dYX/ZSw0KQ2/Iauc="
    }
  }
}
