{
  "name": "composable",
  "version": "0.2.4",
  "lockfileVersion": 1,
  "requires": true,
  "dependencies": {
    "@types/node": {
      "version": "7.10.7",
      "resolved": "https://registry.npmjs.org/@types/node/-/node-7.10.7.tgz",
      "integrity": "sha512-4I7+hXKyq7e1deuzX9udu0hPIYqSSkdKXtjow6fMnQ3OR9qkxIErGHbGY08YrfZJrCS1ajK8lOuzd0k3n2WM4A==",
      "dev": true
    },
    "jsesc": {
      "version": "2.5.2",
      "resolved": "https://registry.npmjs.org/jsesc/-/jsesc-2.5.2.tgz",
      "integrity": "sha512-OYu7XEzjkCQ3C5Ps3QIZsQfNpqoJyZZA99wd9aWd05NCtC5pWOkShK2mkL6HXQR6/Cy2lbNdPlZBpuQHXE63gA=="
    },
    "parse-spawn-args": {
      "version": "1.0.2",
      "resolved": "https://registry.npmjs.org/parse-spawn-args/-/parse-spawn-args-1.0.2.tgz",
      "integrity": "sha1-qJu3SMGWKY1dYX/ZSw0KQ2/Iauc="
    }
  }
}
